// !$*UTF8*$!
{
	archiveVersion = 1;
	classes = {
	};
	objectVersion = 56;
	objects = {

/* Begin PBXBuildFile section */
		5FB483D42B21AD27005ABEF2 /* RealityKitContent in Frameworks */ = {isa = PBXBuildFile; productRef = 5FB483D32B21AD27005ABEF2 /* RealityKitContent */; };
		5FB483D62B21AD27005ABEF2 /* SubwayXRayApp.swift in Sources */ = {isa = PBXBuildFile; fileRef = 5FB483D52B21AD27005ABEF2 /* SubwayXRayApp.swift */; };
		5FB483D82B21AD27005ABEF2 /* ContentView.swift in Sources */ = {isa = PBXBuildFile; fileRef = 5FB483D72B21AD27005ABEF2 /* ContentView.swift */; };
		5FB483DA2B21AD27005ABEF2 /* ImmersiveView.swift in Sources */ = {isa = PBXBuildFile; fileRef = 5FB483D92B21AD27005ABEF2 /* ImmersiveView.swift */; };
		5FB483DC2B21AD28005ABEF2 /* Assets.xcassets in Resources */ = {isa = PBXBuildFile; fileRef = 5FB483DB2B21AD28005ABEF2 /* Assets.xcassets */; };
		5FB483DF2B21AD28005ABEF2 /* Preview Assets.xcassets in Resources */ = {isa = PBXBuildFile; fileRef = 5FB483DE2B21AD28005ABEF2 /* Preview Assets.xcassets */; };
		5FB483E82B21EA97005ABEF2 /* LocationManager.swift in Sources */ = {isa = PBXBuildFile; fileRef = 5FB483E72B21EA97005ABEF2 /* LocationManager.swift */; };
/* End PBXBuildFile section */

/* Begin PBXFileReference section */
		5FB483CE2B21AD27005ABEF2 /* SubwayXRay.app */ = {isa = PBXFileReference; explicitFileType = wrapper.application; includeInIndex = 0; path = SubwayXRay.app; sourceTree = BUILT_PRODUCTS_DIR; };
		5FB483D22B21AD27005ABEF2 /* RealityKitContent */ = {isa = PBXFileReference; lastKnownFileType = wrapper; path = RealityKitContent; sourceTree = "<group>"; };
		5FB483D52B21AD27005ABEF2 /* SubwayXRayApp.swift */ = {isa = PBXFileReference; lastKnownFileType = sourcecode.swift; path = SubwayXRayApp.swift; sourceTree = "<group>"; };
		5FB483D72B21AD27005ABEF2 /* ContentView.swift */ = {isa = PBXFileReference; lastKnownFileType = sourcecode.swift; path = ContentView.swift; sourceTree = "<group>"; };
		5FB483D92B21AD27005ABEF2 /* ImmersiveView.swift */ = {isa = PBXFileReference; lastKnownFileType = sourcecode.swift; path = ImmersiveView.swift; sourceTree = "<group>"; };
		5FB483DB2B21AD28005ABEF2 /* Assets.xcassets */ = {isa = PBXFileReference; lastKnownFileType = folder.assetcatalog; path = Assets.xcassets; sourceTree = "<group>"; };
		5FB483DE2B21AD28005ABEF2 /* Preview Assets.xcassets */ = {isa = PBXFileReference; lastKnownFileType = folder.assetcatalog; path = "Preview Assets.xcassets"; sourceTree = "<group>"; };
		5FB483E02B21AD28005ABEF2 /* Info.plist */ = {isa = PBXFileReference; lastKnownFileType = text.plist.xml; path = Info.plist; sourceTree = "<group>"; };
		5FB483E72B21EA97005ABEF2 /* LocationManager.swift */ = {isa = PBXFileReference; lastKnownFileType = sourcecode.swift; path = LocationManager.swift; sourceTree = "<group>"; };
/* End PBXFileReference section */

/* Begin PBXFrameworksBuildPhase section */
		5FB483CB2B21AD27005ABEF2 /* Frameworks */ = {
			isa = PBXFrameworksBuildPhase;
			buildActionMask = 2147483647;
			files = (
				5FB483D42B21AD27005ABEF2 /* RealityKitContent in Frameworks */,
			);
			runOnlyForDeploymentPostprocessing = 0;
		};
/* End PBXFrameworksBuildPhase section */

/* Begin PBXGroup section */
		5FB483C52B21AD27005ABEF2 = {
			isa = PBXGroup;
			children = (
				5FB483D02B21AD27005ABEF2 /* SubwayXRay */,
				5FB483D12B21AD27005ABEF2 /* Packages */,
				5FB483CF2B21AD27005ABEF2 /* Products */,
			);
			sourceTree = "<group>";
		};
		5FB483CF2B21AD27005ABEF2 /* Products */ = {
			isa = PBXGroup;
			children = (
				5FB483CE2B21AD27005ABEF2 /* SubwayXRay.app */,
			);
			name = Products;
			sourceTree = "<group>";
		};
		5FB483D02B21AD27005ABEF2 /* SubwayXRay */ = {
			isa = PBXGroup;
			children = (
				5FB483D52B21AD27005ABEF2 /* SubwayXRayApp.swift */,
				5FB483D72B21AD27005ABEF2 /* ContentView.swift */,
				5FB483E72B21EA97005ABEF2 /* LocationManager.swift */,
				5FB483D92B21AD27005ABEF2 /* ImmersiveView.swift */,
				5FB483DB2B21AD28005ABEF2 /* Assets.xcassets */,
				5FB483E02B21AD28005ABEF2 /* Info.plist */,
				5FB483DD2B21AD28005ABEF2 /* Preview Content */,
			);
			path = SubwayXRay;
			sourceTree = "<group>";
		};
		5FB483D12B21AD27005ABEF2 /* Packages */ = {
			isa = PBXGroup;
			children = (
				5FB483D22B21AD27005ABEF2 /* RealityKitContent */,
			);
			path = Packages;
			sourceTree = "<group>";
		};
		5FB483DD2B21AD28005ABEF2 /* Preview Content */ = {
			isa = PBXGroup;
			children = (
				5FB483DE2B21AD28005ABEF2 /* Preview Assets.xcassets */,
			);
			path = "Preview Content";
			sourceTree = "<group>";
		};
/* End PBXGroup section */

/* Begin PBXNativeTarget section */
		5FB483CD2B21AD27005ABEF2 /* SubwayXRay */ = {
			isa = PBXNativeTarget;
			buildConfigurationList = 5FB483E32B21AD28005ABEF2 /* Build configuration list for PBXNativeTarget "SubwayXRay" */;
			buildPhases = (
				5FB483CA2B21AD27005ABEF2 /* Sources */,
				5FB483CB2B21AD27005ABEF2 /* Frameworks */,
				5FB483CC2B21AD27005ABEF2 /* Resources */,
			);
			buildRules = (
			);
			dependencies = (
			);
			name = SubwayXRay;
			packageProductDependencies = (
				5FB483D32B21AD27005ABEF2 /* RealityKitContent */,
			);
			productName = SubwayXRay;
			productReference = 5FB483CE2B21AD27005ABEF2 /* SubwayXRay.app */;
			productType = "com.apple.product-type.application";
		};
/* End PBXNativeTarget section */

/* Begin PBXProject section */
		5FB483C62B21AD27005ABEF2 /* Project object */ = {
			isa = PBXProject;
			attributes = {
				BuildIndependentTargetsInParallel = 1;
				LastSwiftUpdateCheck = 1510;
				LastUpgradeCheck = 1510;
				TargetAttributes = {
					5FB483CD2B21AD27005ABEF2 = {
						CreatedOnToolsVersion = 15.1;
					};
				};
			};
			buildConfigurationList = 5FB483C92B21AD27005ABEF2 /* Build configuration list for PBXProject "SubwayXRay" */;
			compatibilityVersion = "Xcode 14.0";
			developmentRegion = en;
			hasScannedForEncodings = 0;
			knownRegions = (
				en,
				Base,
			);
			mainGroup = 5FB483C52B21AD27005ABEF2;
			productRefGroup = 5FB483CF2B21AD27005ABEF2 /* Products */;
			projectDirPath = "";
			projectRoot = "";
			targets = (
				5FB483CD2B21AD27005ABEF2 /* SubwayXRay */,
			);
		};
/* End PBXProject section */

/* Begin PBXResourcesBuildPhase section */
		5FB483CC2B21AD27005ABEF2 /* Resources */ = {
			isa = PBXResourcesBuildPhase;
			buildActionMask = 2147483647;
			files = (
				5FB483DF2B21AD28005ABEF2 /* Preview Assets.xcassets in Resources */,
				5FB483DC2B21AD28005ABEF2 /* Assets.xcassets in Resources */,
			);
			runOnlyForDeploymentPostprocessing = 0;
		};
/* End PBXResourcesBuildPhase section */

/* Begin PBXSourcesBuildPhase section */
		5FB483CA2B21AD27005ABEF2 /* Sources */ = {
			isa = PBXSourcesBuildPhase;
			buildActionMask = 2147483647;
			files = (
				5FB483E82B21EA97005ABEF2 /* LocationManager.swift in Sources */,
				5FB483D82B21AD27005ABEF2 /* ContentView.swift in Sources */,
				5FB483D62B21AD27005ABEF2 /* SubwayXRayApp.swift in Sources */,
				5FB483DA2B21AD27005ABEF2 /* ImmersiveView.swift in Sources */,
			);
			runOnlyForDeploymentPostprocessing = 0;
		};
/* End PBXSourcesBuildPhase section */

/* Begin XCBuildConfiguration section */
		5FB483E12B21AD28005ABEF2 /* Debug */ = {
			isa = XCBuildConfiguration;
			buildSettings = {
				ALWAYS_SEARCH_USER_PATHS = NO;
				ASSETCATALOG_COMPILER_GENERATE_SWIFT_ASSET_SYMBOL_EXTENSIONS = YES;
				CLANG_ANALYZER_NONNULL = YES;
				CLANG_ANALYZER_NUMBER_OBJECT_CONVERSION = YES_AGGRESSIVE;
				CLANG_CXX_LANGUAGE_STANDARD = "gnu++20";
				CLANG_ENABLE_MODULES = YES;
				CLANG_ENABLE_OBJC_ARC = YES;
				CLANG_ENABLE_OBJC_WEAK = YES;
				CLANG_WARN_BLOCK_CAPTURE_AUTORELEASING = YES;
				CLANG_WARN_BOOL_CONVERSION = YES;
				CLANG_WARN_COMMA = YES;
				CLANG_WARN_CONSTANT_CONVERSION = YES;
				CLANG_WARN_DEPRECATED_OBJC_IMPLEMENTATIONS = YES;
				CLANG_WARN_DIRECT_OBJC_ISA_USAGE = YES_ERROR;
				CLANG_WARN_DOCUMENTATION_COMMENTS = YES;
				CLANG_WARN_EMPTY_BODY = YES;
				CLANG_WARN_ENUM_CONVERSION = YES;
				CLANG_WARN_INFINITE_RECURSION = YES;
				CLANG_WARN_INT_CONVERSION = YES;
				CLANG_WARN_NON_LITERAL_NULL_CONVERSION = YES;
				CLANG_WARN_OBJC_IMPLICIT_RETAIN_SELF = YES;
				CLANG_WARN_OBJC_LITERAL_CONVERSION = YES;
				CLANG_WARN_OBJC_ROOT_CLASS = YES_ERROR;
				CLANG_WARN_QUOTED_INCLUDE_IN_FRAMEWORK_HEADER = YES;
				CLANG_WARN_RANGE_LOOP_ANALYSIS = YES;
				CLANG_WARN_STRICT_PROTOTYPES = YES;
				CLANG_WARN_SUSPICIOUS_MOVE = YES;
				CLANG_WARN_UNGUARDED_AVAILABILITY = YES_AGGRESSIVE;
				CLANG_WARN_UNREACHABLE_CODE = YES;
				CLANG_WARN__DUPLICATE_METHOD_MATCH = YES;
				COPY_PHASE_STRIP = NO;
				DEBUG_INFORMATION_FORMAT = dwarf;
				ENABLE_STRICT_OBJC_MSGSEND = YES;
				ENABLE_TESTABILITY = YES;
				ENABLE_USER_SCRIPT_SANDBOXING = YES;
				GCC_C_LANGUAGE_STANDARD = gnu17;
				GCC_DYNAMIC_NO_PIC = NO;
				GCC_NO_COMMON_BLOCKS = YES;
				GCC_OPTIMIZATION_LEVEL = 0;
				GCC_PREPROCESSOR_DEFINITIONS = (
					"DEBUG=1",
					"$(inherited)",
				);
				GCC_WARN_64_TO_32_BIT_CONVERSION = YES;
				GCC_WARN_ABOUT_RETURN_TYPE = YES_ERROR;
				GCC_WARN_UNDECLARED_SELECTOR = YES;
				GCC_WARN_UNINITIALIZED_AUTOS = YES_AGGRESSIVE;
				GCC_WARN_UNUSED_FUNCTION = YES;
				GCC_WARN_UNUSED_VARIABLE = YES;
				LOCALIZATION_PREFERS_STRING_CATALOGS = YES;
				MTL_ENABLE_DEBUG_INFO = INCLUDE_SOURCE;
				MTL_FAST_MATH = YES;
				ONLY_ACTIVE_ARCH = YES;
				SDKROOT = xros;
				SWIFT_ACTIVE_COMPILATION_CONDITIONS = "DEBUG $(inherited)";
				SWIFT_OPTIMIZATION_LEVEL = "-Onone";
				XROS_DEPLOYMENT_TARGET = 1.0;
			};
			name = Debug;
		};
		5FB483E22B21AD28005ABEF2 /* Release */ = {
			isa = XCBuildConfiguration;
			buildSettings = {
				ALWAYS_SEARCH_USER_PATHS = NO;
				ASSETCATALOG_COMPILER_GENERATE_SWIFT_ASSET_SYMBOL_EXTENSIONS = YES;
				CLANG_ANALYZER_NONNULL = YES;
				CLANG_ANALYZER_NUMBER_OBJECT_CONVERSION = YES_AGGRESSIVE;
				CLANG_CXX_LANGUAGE_STANDARD = "gnu++20";
				CLANG_ENABLE_MODULES = YES;
				CLANG_ENABLE_OBJC_ARC = YES;
				CLANG_ENABLE_OBJC_WEAK = YES;
				CLANG_WARN_BLOCK_CAPTURE_AUTORELEASING = YES;
				CLANG_WARN_BOOL_CONVERSION = YES;
				CLANG_WARN_COMMA = YES;
				CLANG_WARN_CONSTANT_CONVERSION = YES;
				CLANG_WARN_DEPRECATED_OBJC_IMPLEMENTATIONS = YES;
				CLANG_WARN_DIRECT_OBJC_ISA_USAGE = YES_ERROR;
				CLANG_WARN_DOCUMENTATION_COMMENTS = YES;
				CLANG_WARN_EMPTY_BODY = YES;
				CLANG_WARN_ENUM_CONVERSION = YES;
				CLANG_WARN_INFINITE_RECURSION = YES;
				CLANG_WARN_INT_CONVERSION = YES;
				CLANG_WARN_NON_LITERAL_NULL_CONVERSION = YES;
				CLANG_WARN_OBJC_IMPLICIT_RETAIN_SELF = YES;
				CLANG_WARN_OBJC_LITERAL_CONVERSION = YES;
				CLANG_WARN_OBJC_ROOT_CLASS = YES_ERROR;
				CLANG_WARN_QUOTED_INCLUDE_IN_FRAMEWORK_HEADER = YES;
				CLANG_WARN_RANGE_LOOP_ANALYSIS = YES;
				CLANG_WARN_STRICT_PROTOTYPES = YES;
				CLANG_WARN_SUSPICIOUS_MOVE = YES;
				CLANG_WARN_UNGUARDED_AVAILABILITY = YES_AGGRESSIVE;
				CLANG_WARN_UNREACHABLE_CODE = YES;
				CLANG_WARN__DUPLICATE_METHOD_MATCH = YES;
				COPY_PHASE_STRIP = NO;
				DEBUG_INFORMATION_FORMAT = "dwarf-with-dsym";
				ENABLE_NS_ASSERTIONS = NO;
				ENABLE_STRICT_OBJC_MSGSEND = YES;
				ENABLE_USER_SCRIPT_SANDBOXING = YES;
				GCC_C_LANGUAGE_STANDARD = gnu17;
				GCC_NO_COMMON_BLOCKS = YES;
				GCC_WARN_64_TO_32_BIT_CONVERSION = YES;
				GCC_WARN_ABOUT_RETURN_TYPE = YES_ERROR;
				GCC_WARN_UNDECLARED_SELECTOR = YES;
				GCC_WARN_UNINITIALIZED_AUTOS = YES_AGGRESSIVE;
				GCC_WARN_UNUSED_FUNCTION = YES;
				GCC_WARN_UNUSED_VARIABLE = YES;
				LOCALIZATION_PREFERS_STRING_CATALOGS = YES;
				MTL_ENABLE_DEBUG_INFO = NO;
				MTL_FAST_MATH = YES;
				SDKROOT = xros;
				SWIFT_COMPILATION_MODE = wholemodule;
				VALIDATE_PRODUCT = YES;
				XROS_DEPLOYMENT_TARGET = 1.0;
			};
			name = Release;
		};
		5FB483E42B21AD28005ABEF2 /* Debug */ = {
			isa = XCBuildConfiguration;
			buildSettings = {
				ASSETCATALOG_COMPILER_APPICON_NAME = AppIcon;
				ASSETCATALOG_COMPILER_GLOBAL_ACCENT_COLOR_NAME = AccentColor;
				CODE_SIGN_STYLE = Automatic;
				CURRENT_PROJECT_VERSION = 1;
				DEVELOPMENT_ASSET_PATHS = "\"SubwayXRay/Preview Content\"";
				ENABLE_PREVIEWS = YES;
				GENERATE_INFOPLIST_FILE = YES;
				INFOPLIST_FILE = "$(TARGET_NAME)/Info.plist";
				INFOPLIST_KEY_NSLocationWhenInUseUsageDescription = "We want to access your current location to show subway trains near you.";
				LD_RUNPATH_SEARCH_PATHS = (
					"$(inherited)",
					"@executable_path/Frameworks",
				);
				MARKETING_VERSION = 1.0;
				PRODUCT_BUNDLE_IDENTIFIER = com..SubwayXRay;
				PRODUCT_NAME = "$(TARGET_NAME)";
				SUPPORTED_PLATFORMS = "xros xrsimulator";
				SWIFT_EMIT_LOC_STRINGS = YES;
				SWIFT_VERSION = 5.0;
				TARGETED_DEVICE_FAMILY = "1,2,7";
			};
			name = Debug;
		};
		5FB483E52B21AD28005ABEF2 /* Release */ = {
			isa = XCBuildConfiguration;
			buildSettings = {
				ASSETCATALOG_COMPILER_APPICON_NAME = AppIcon;
				ASSETCATALOG_COMPILER_GLOBAL_ACCENT_COLOR_NAME = AccentColor;
				CODE_SIGN_STYLE = Automatic;
				CURRENT_PROJECT_VERSION = 1;
				DEVELOPMENT_ASSET_PATHS = "\"SubwayXRay/Preview Content\"";
				ENABLE_PREVIEWS = YES;
				GENERATE_INFOPLIST_FILE = YES;
				INFOPLIST_FILE = "$(TARGET_NAME)/Info.plist";
				INFOPLIST_KEY_NSLocationWhenInUseUsageDescription = "We want to access your current location to show subway trains near you.";
				LD_RUNPATH_SEARCH_PATHS = (
					"$(inherited)",
					"@executable_path/Frameworks",
				);
				MARKETING_VERSION = 1.0;
				PRODUCT_BUNDLE_IDENTIFIER = com..SubwayXRay;
				PRODUCT_NAME = "$(TARGET_NAME)";
				SUPPORTED_PLATFORMS = "xros xrsimulator";
				SWIFT_EMIT_LOC_STRINGS = YES;
				SWIFT_VERSION = 5.0;
				TARGETED_DEVICE_FAMILY = "1,2,7";
			};
			name = Release;
		};
/* End XCBuildConfiguration section */

/* Begin XCConfigurationList section */
		5FB483C92B21AD27005ABEF2 /* Build configuration list for PBXProject "SubwayXRay" */ = {
			isa = XCConfigurationList;
			buildConfigurations = (
				5FB483E12B21AD28005ABEF2 /* Debug */,
				5FB483E22B21AD28005ABEF2 /* Release */,
			);
			defaultConfigurationIsVisible = 0;
			defaultConfigurationName = Release;
		};
		5FB483E32B21AD28005ABEF2 /* Build configuration list for PBXNativeTarget "SubwayXRay" */ = {
			isa = XCConfigurationList;
			buildConfigurations = (
				5FB483E42B21AD28005ABEF2 /* Debug */,
				5FB483E52B21AD28005ABEF2 /* Release */,
			);
			defaultConfigurationIsVisible = 0;
			defaultConfigurationName = Release;
		};
/* End XCConfigurationList section */

/* Begin XCSwiftPackageProductDependency section */
		5FB483D32B21AD27005ABEF2 /* RealityKitContent */ = {
			isa = XCSwiftPackageProductDependency;
			productName = RealityKitContent;
		};
/* End XCSwiftPackageProductDependency section */
	};
	rootObject = 5FB483C62B21AD27005ABEF2 /* Project object */;
}
